// !$*UTF8*$!
{
	archiveVersion = 1;
	classes = {
	};
	objectVersion = 46;
	objects = {

/* Begin PBXBuildFile section */
		66333FF91D358C0100D0F55E /* main.m in Sources */ = {isa = PBXBuildFile; fileRef = 66333FF81D358C0100D0F55E /* main.m */; };
		66333FFC1D358C0100D0F55E /* AppDelegate.m in Sources */ = {isa = PBXBuildFile; fileRef = 66333FFB1D358C0100D0F55E /* AppDelegate.m */; };
		66333FFF1D358C0100D0F55E /* ViewController.m in Sources */ = {isa = PBXBuildFile; fileRef = 66333FFE1D358C0100D0F55E /* ViewController.m */; };
		663340021D358C0100D0F55E /* Main.storyboard in Resources */ = {isa = PBXBuildFile; fileRef = 663340001D358C0100D0F55E /* Main.storyboard */; };
		663340041D358C0100D0F55E /* Assets.xcassets in Resources */ = {isa = PBXBuildFile; fileRef = 663340031D358C0100D0F55E /* Assets.xcassets */; };
		663340071D358C0100D0F55E /* LaunchScreen.storyboard in Resources */ = {isa = PBXBuildFile; fileRef = 663340051D358C0100D0F55E /* LaunchScreen.storyboard */; };
		663340101D358F2600D0F55E /* MyScrollView.m in Sources */ = {isa = PBXBuildFile; fileRef = 6633400F1D358F2600D0F55E /* MyScrollView.m */; };
/* End PBXBuildFile section */

/* Begin PBXFileReference section */
		66333FF41D358C0100D0F55E /* MyScrollView.app */ = {isa = PBXFileReference; explicitFileType = wrapper.application; includeInIndex = 0; path = MyScrollView.app; sourceTree = BUILT_PRODUCTS_DIR; };
		66333FF81D358C0100D0F55E /* main.m */ = {isa = PBXFileReference; lastKnownFileType = sourcecode.c.objc; path = main.m; sourceTree = "<group>"; };
		66333FFA1D358C0100D0F55E /* AppDelegate.h */ = {isa = PBXFileReference; lastKnownFileType = sourcecode.c.h; path = AppDelegate.h; sourceTree = "<group>"; };
		66333FFB1D358C0100D0F55E /* AppDelegate.m */ = {isa = PBXFileReference; lastKnownFileType = sourcecode.c.objc; path = AppDelegate.m; sourceTree = "<group>"; };
		66333FFD1D358C0100D0F55E /* ViewController.h */ = {isa = PBXFileReference; lastKnownFileType = sourcecode.c.h; path = ViewController.h; sourceTree = "<group>"; };
		66333FFE1D358C0100D0F55E /* ViewController.m */ = {isa = PBXFileReference; lastKnownFileType = sourcecode.c.objc; path = ViewController.m; sourceTree = "<group>"; };
		663340011D358C0100D0F55E /* Base */ = {isa = PBXFileReference; lastKnownFileType = file.storyboard; name = Base; path = Base.lproj/Main.storyboard; sourceTree = "<group>"; };
		663340031D358C0100D0F55E /* Assets.xcassets */ = {isa = PBXFileReference; lastKnownFileType = folder.assetcatalog; path = Assets.xcassets; sourceTree = "<group>"; };
		663340061D358C0100D0F55E /* Base */ = {isa = PBXFileReference; lastKnownFileType = file.storyboard; name = Base; path = Base.lproj/LaunchScreen.storyboard; sourceTree = "<group>"; };
		663340081D358C0100D0F55E /* Info.plist */ = {isa = PBXFileReference; lastKnownFileType = text.plist.xml; path = Info.plist; sourceTree = "<group>"; };
		6633400E1D358F2600D0F55E /* MyScrollView.h */ = {isa = PBXFileReference; fileEncoding = 4; lastKnownFileType = sourcecode.c.h; path = MyScrollView.h; sourceTree = "<group>"; };
		6633400F1D358F2600D0F55E /* MyScrollView.m */ = {isa = PBXFileReference; fileEncoding = 4; lastKnownFileType = sourcecode.c.objc; path = MyScrollView.m; sourceTree = "<group>"; };
/* End PBXFileReference section */

/* Begin PBXFrameworksBuildPhase section */
		66333FF11D358C0100D0F55E /* Frameworks */ = {
			isa = PBXFrameworksBuildPhase;
			buildActionMask = 2147483647;
			files = (
			);
			runOnlyForDeploymentPostprocessing = 0;
		};
/* End PBXFrameworksBuildPhase section */

/* Begin PBXGroup section */
		66333FEB1D358C0100D0F55E = {
			isa = PBXGroup;
			children = (
				66333FF61D358C0100D0F55E /* MyScrollView */,
				66333FF51D358C0100D0F55E /* Products */,
			);
			sourceTree = "<group>";
		};
		66333FF51D358C0100D0F55E /* Products */ = {
			isa = PBXGroup;
			children = (
				66333FF41D358C0100D0F55E /* MyScrollView.app */,
			);
			name = Products;
			sourceTree = "<group>";
		};
		66333FF61D358C0100D0F55E /* MyScrollView */ = {
			isa = PBXGroup;
			children = (
				66333FFA1D358C0100D0F55E /* AppDelegate.h */,
				66333FFB1D358C0100D0F55E /* AppDelegate.m */,
				66333FFD1D358C0100D0F55E /* ViewController.h */,
				66333FFE1D358C0100D0F55E /* ViewController.m */,
				663340001D358C0100D0F55E /* Main.storyboard */,
				663340031D358C0100D0F55E /* Assets.xcassets */,
				663340051D358C0100D0F55E /* LaunchScreen.storyboard */,
				663340081D358C0100D0F55E /* Info.plist */,
				66333FF71D358C0100D0F55E /* Supporting Files */,
				6633400E1D358F2600D0F55E /* MyScrollView.h */,
				6633400F1D358F2600D0F55E /* MyScrollView.m */,
			);
			path = MyScrollView;
			sourceTree = "<group>";
		};
		66333FF71D358C0100D0F55E /* Supporting Files */ = {
			isa = PBXGroup;
			children = (
				66333FF81D358C0100D0F55E /* main.m */,
			);
			name = "Supporting Files";
			sourceTree = "<group>";
		};
/* End PBXGroup section */

/* Begin PBXNativeTarget section */
		66333FF31D358C0100D0F55E /* MyScrollView */ = {
			isa = PBXNativeTarget;
			buildConfigurationList = 6633400B1D358C0100D0F55E /* Build configuration list for PBXNativeTarget "MyScrollView" */;
			buildPhases = (
				66333FF01D358C0100D0F55E /* Sources */,
				66333FF11D358C0100D0F55E /* Frameworks */,
				66333FF21D358C0100D0F55E /* Resources */,
			);
			buildRules = (
			);
			dependencies = (
			);
			name = MyScrollView;
			productName = MyScrollView;
			productReference = 66333FF41D358C0100D0F55E /* MyScrollView.app */;
			productType = "com.apple.product-type.application";
		};
/* End PBXNativeTarget section */

/* Begin PBXProject section */
		66333FEC1D358C0100D0F55E /* Project object */ = {
			isa = PBXProject;
			attributes = {
				LastUpgradeCheck = 0730;
				ORGANIZATIONNAME = Apptist;
				TargetAttributes = {
					66333FF31D358C0100D0F55E = {
						CreatedOnToolsVersion = 7.3.1;
					};
				};
			};
			buildConfigurationList = 66333FEF1D358C0100D0F55E /* Build configuration list for PBXProject "MyScrollView" */;
			compatibilityVersion = "Xcode 3.2";
			developmentRegion = English;
			hasScannedForEncodings = 0;
			knownRegions = (
				en,
				Base,
			);
			mainGroup = 66333FEB1D358C0100D0F55E;
			productRefGroup = 66333FF51D358C0100D0F55E /* Products */;
			projectDirPath = "";
			projectRoot = "";
			targets = (
				66333FF31D358C0100D0F55E /* MyScrollView */,
			);
		};
/* End PBXProject section */

/* Begin PBXResourcesBuildPhase section */
		66333FF21D358C0100D0F55E /* Resources */ = {
			isa = PBXResourcesBuildPhase;
			buildActionMask = 2147483647;
			files = (
				663340071D358C0100D0F55E /* LaunchScreen.storyboard in Resources */,
				663340041D358C0100D0F55E /* Assets.xcassets in Resources */,
				663340021D358C0100D0F55E /* Main.storyboard in Resources */,
			);
			runOnlyForDeploymentPostprocessing = 0;
		};
/* End PBXResourcesBuildPhase section */

/* Begin PBXSourcesBuildPhase section */
		66333FF01D358C0100D0F55E /* Sources */ = {
			isa = PBXSourcesBuildPhase;
			buildActionMask = 2147483647;
			files = (
				66333FFF1D358C0100D0F55E /* ViewController.m in Sources */,
				663340101D358F2600D0F55E /* MyScrollView.m in Sources */,
				66333FFC1D358C0100D0F55E /* AppDelegate.m in Sources */,
				66333FF91D358C0100D0F55E /* main.m in Sources */,
			);
			runOnlyForDeploymentPostprocessing = 0;
		};
/* End PBXSourcesBuildPhase section */

/* Begin PBXVariantGroup section */
		663340001D358C0100D0F55E /* Main.storyboard */ = {
			isa = PBXVariantGroup;
			children = (
				663340011D358C0100D0F55E /* Base */,
			);
			name = Main.storyboard;
			sourceTree = "<group>";
		};
		663340051D358C0100D0F55E /* LaunchScreen.storyboard */ = {
			isa = PBXVariantGroup;
			children = (
				663340061D358C0100D0F55E /* Base */,
			);
			name = LaunchScreen.storyboard;
			sourceTree = "<group>";
		};
/* End PBXVariantGroup section */

/* Begin XCBuildConfiguration section */
		663340091D358C0100D0F55E /* Debug */ = {
			isa = XCBuildConfiguration;
			buildSettings = {
				ALWAYS_SEARCH_USER_PATHS = NO;
				CLANG_ANALYZER_NONNULL = YES;
				CLANG_CXX_LANGUAGE_STANDARD = "gnu++0x";
				CLANG_CXX_LIBRARY = "libc++";
				CLANG_ENABLE_MODULES = YES;
				CLANG_ENABLE_OBJC_ARC = YES;
				CLANG_WARN_BOOL_CONVERSION = YES;
				CLANG_WARN_CONSTANT_CONVERSION = YES;
				CLANG_WARN_DIRECT_OBJC_ISA_USAGE = YES_ERROR;
				CLANG_WARN_EMPTY_BODY = YES;
				CLANG_WARN_ENUM_CONVERSION = YES;
				CLANG_WARN_INT_CONVERSION = YES;
				CLANG_WARN_OBJC_ROOT_CLASS = YES_ERROR;
				CLANG_WARN_UNREACHABLE_CODE = YES;
				CLANG_WARN__DUPLICATE_METHOD_MATCH = YES;
				"CODE_SIGN_IDENTITY[sdk=iphoneos*]" = "iPhone Developer";
				COPY_PHASE_STRIP = NO;
				DEBUG_INFORMATION_FORMAT = dwarf;
				ENABLE_STRICT_OBJC_MSGSEND = YES;
				ENABLE_TESTABILITY = YES;
				GCC_C_LANGUAGE_STANDARD = gnu99;
				GCC_DYNAMIC_NO_PIC = NO;
				GCC_NO_COMMON_BLOCKS = YES;
				GCC_OPTIMIZATION_LEVEL = 0;
				GCC_PREPROCESSOR_DEFINITIONS = (
					"DEBUG=1",
					"$(inherited)",
				);
				GCC_WARN_64_TO_32_BIT_CONVERSION = YES;
				GCC_WARN_ABOUT_RETURN_TYPE = YES_ERROR;
				GCC_WARN_UNDECLARED_SELECTOR = YES;
				GCC_WARN_UNINITIALIZED_AUTOS = YES_AGGRESSIVE;
				GCC_WARN_UNUSED_FUNCTION = YES;
				GCC_WARN_UNUSED_VARIABLE = YES;
				IPHONEOS_DEPLOYMENT_TARGET = 9.3;
				MTL_ENABLE_DEBUG_INFO = YES;
				ONLY_ACTIVE_ARCH = YES;
				SDKROOT = iphoneos;
				TARGETED_DEVICE_FAMILY = "1,2";
			};
			name = Debug;
		};
		6633400A1D358C0100D0F55E /* Release */ = {
			isa = XCBuildConfiguration;
			buildSettings = {
				ALWAYS_SEARCH_USER_PATHS = NO;
				CLANG_ANALYZER_NONNULL = YES;
				CLANG_CXX_LANGUAGE_STANDARD = "gnu++0x";
				CLANG_CXX_LIBRARY = "libc++";
				CLANG_ENABLE_MODULES = YES;
				CLANG_ENABLE_OBJC_ARC = YES;
				CLANG_WARN_BOOL_CONVERSION = YES;
				CLANG_WARN_CONSTANT_CONVERSION = YES;
				CLANG_WARN_DIRECT_OBJC_ISA_USAGE = YES_ERROR;
				CLANG_WARN_EMPTY_BODY = YES;
				CLANG_WARN_ENUM_CONVERSION = YES;
				CLANG_WARN_INT_CONVERSION = YES;
				CLANG_WARN_OBJC_ROOT_CLASS = YES_ERROR;
				CLANG_WARN_UNREACHABLE_CODE = YES;
				CLANG_WARN__DUPLICATE_METHOD_MATCH = YES;
				"CODE_SIGN_IDENTITY[sdk=iphoneos*]" = "iPhone Developer";
				COPY_PHASE_STRIP = NO;
				DEBUG_INFORMATION_FORMAT = "dwarf-with-dsym";
				ENABLE_NS_ASSERTIONS = NO;
				ENABLE_STRICT_OBJC_MSGSEND = YES;
				GCC_C_LANGUAGE_STANDARD = gnu99;
				GCC_NO_COMMON_BLOCKS = YES;
				GCC_WARN_64_TO_32_BIT_CONVERSION = YES;
				GCC_WARN_ABOUT_RETURN_TYPE = YES_ERROR;
				GCC_WARN_UNDECLARED_SELECTOR = YES;
				GCC_WARN_UNINITIALIZED_AUTOS = YES_AGGRESSIVE;
				GCC_WARN_UNUSED_FUNCTION = YES;
				GCC_WARN_UNUSED_VARIABLE = YES;
				IPHONEOS_DEPLOYMENT_TARGET = 9.3;
				MTL_ENABLE_DEBUG_INFO = NO;
				SDKROOT = iphoneos;
				TARGETED_DEVICE_FAMILY = "1,2";
				VALIDATE_PRODUCT = YES;
			};
			name = Release;
		};
		6633400C1D358C0100D0F55E /* Debug */ = {
			isa = XCBuildConfiguration;
			buildSettings = {
				ASSETCATALOG_COMPILER_APPICON_NAME = AppIcon;
				INFOPLIST_FILE = MyScrollView/Info.plist;
				LD_RUNPATH_SEARCH_PATHS = "$(inherited) @executable_path/Frameworks";
				PRODUCT_BUNDLE_IDENTIFIER = "Mark-Meritt.MyScrollView";
				PRODUCT_NAME = "$(TARGET_NAME)";
			};
			name = Debug;
		};
		6633400D1D358C0100D0F55E /* Release */ = {
			isa = XCBuildConfiguration;
			buildSettings = {
				ASSETCATALOG_COMPILER_APPICON_NAME = AppIcon;
				INFOPLIST_FILE = MyScrollView/Info.plist;
				LD_RUNPATH_SEARCH_PATHS = "$(inherited) @executable_path/Frameworks";
				PRODUCT_BUNDLE_IDENTIFIER = "Mark-Meritt.MyScrollView";
				PRODUCT_NAME = "$(TARGET_NAME)";
			};
			name = Release;
		};
/* End XCBuildConfiguration section */

/* Begin XCConfigurationList section */
		66333FEF1D358C0100D0F55E /* Build configuration list for PBXProject "MyScrollView" */ = {
			isa = XCConfigurationList;
			buildConfigurations = (
				663340091D358C0100D0F55E /* Debug */,
				6633400A1D358C0100D0F55E /* Release */,
			);
			defaultConfigurationIsVisible = 0;
			defaultConfigurationName = Release;
		};
		6633400B1D358C0100D0F55E /* Build configuration list for PBXNativeTarget "MyScrollView" */ = {
			isa = XCConfigurationList;
			buildConfigurations = (
				6633400C1D358C0100D0F55E /* Debug */,
				6633400D1D358C0100D0F55E /* Release */,
			);
			defaultConfigurationIsVisible = 0;
		};
/* End XCConfigurationList section */
	};
	rootObject = 66333FEC1D358C0100D0F55E /* Project object */;
}
